
Microsoft Visual Studio Solution File, Format Version 12.00
# Visual Studio Version 16
VisualStudioVersion = 16.0.30503.244
MinimumVisualStudioVersion = 10.0.40219.1
Project("{FAE04EC0-301F-11D3-BF4B-00C04F79EFBC}") = "ASPNET-Core", "ASPNET-Core.csproj", "{053DC2CA-E37E-4782-B279-D6944407977B}"
EndProject
Global
	GlobalSection(SolutionConfigurationPlatforms) = preSolution
		Debug|Any CPU = Debug|Any CPU
		Release|Any CPU = Release|Any CPU
	EndGlobalSection
	GlobalSection(ProjectConfigurationPlatforms) = postSolution
		{053DC2CA-E37E-4782-B279-D6944407977B}.Debug|Any CPU.ActiveCfg = Debug|Any CPU
		{053DC2CA-E37E-4782-B279-D6944407977B}.Debug|Any CPU.Build.0 = Debug|Any CPU
		{053DC2CA-E37E-4782-B279-D6944407977B}.Release|Any CPU.ActiveCfg = Release|Any CPU
		{053DC2CA-E37E-4782-B279-D6944407977B}.Release|Any CPU.Build.0 = Release|Any CPU
	EndGlobalSection
	GlobalSection(SolutionProperties) = preSolution
		HideSolutionNode = FALSE
	EndGlobalSection
	GlobalSection(ExtensibilityGlobals) = postSolution
		SolutionGuid = {8B14EB51-4E0A-41DB-9FDC-20162594BC93}
	EndGlobalSection
EndGlobal
